
Microsoft Visual Studio Solution File, Format Version 12.00
# Visual Studio Version 16
VisualStudioVersion = 16.0.30011.22
MinimumVisualStudioVersion = 10.0.40219.1
Project("{2150E333-8FDC-42A3-9474-1A3956D46DE8}") = "SimUDuck", "SimUDuck", "{64861311-29EE-4AF6-8A28-0665F9A4B960}"
EndProject
Project("{FAE04EC0-301F-11D3-BF4B-00C04F79EFBC}") = "SimUDuck", "src\Stategy\SimUDuck\SimUDuck.csproj", "{AF621180-F7D7-46C7-993A-C129BD0FD54A}"
EndProject
Project("{FAE04EC0-301F-11D3-BF4B-00C04F79EFBC}") = "SimUDuck.App", "src\Stategy\SimUDuck.App\SimUDuck.App.csproj", "{090F4466-4CE5-450E-A468-018CC7AFC639}"
EndProject
Project("{2150E333-8FDC-42A3-9474-1A3956D46DE8}") = ".nuget", ".nuget", "{C5630D4E-FE86-4D3F-9073-93971204102F}"
	ProjectSection(SolutionItems) = preProject
		.nuget\NuGet.Config = .nuget\NuGet.Config
		.nuget\nuget.exe = .nuget\nuget.exe
		.nuget\NuGet.targets = .nuget\NuGet.targets
	EndProjectSection
EndProject
Global
	GlobalSection(SolutionConfigurationPlatforms) = preSolution
		Debug|Any CPU = Debug|Any CPU
		Release|Any CPU = Release|Any CPU
	EndGlobalSection
	GlobalSection(ProjectConfigurationPlatforms) = postSolution
		{AF621180-F7D7-46C7-993A-C129BD0FD54A}.Debug|Any CPU.ActiveCfg = Debug|Any CPU
		{AF621180-F7D7-46C7-993A-C129BD0FD54A}.Debug|Any CPU.Build.0 = Debug|Any CPU
		{AF621180-F7D7-46C7-993A-C129BD0FD54A}.Release|Any CPU.ActiveCfg = Release|Any CPU
		{AF621180-F7D7-46C7-993A-C129BD0FD54A}.Release|Any CPU.Build.0 = Release|Any CPU
		{090F4466-4CE5-450E-A468-018CC7AFC639}.Debug|Any CPU.ActiveCfg = Debug|Any CPU
		{090F4466-4CE5-450E-A468-018CC7AFC639}.Debug|Any CPU.Build.0 = Debug|Any CPU
		{090F4466-4CE5-450E-A468-018CC7AFC639}.Release|Any CPU.ActiveCfg = Release|Any CPU
		{090F4466-4CE5-450E-A468-018CC7AFC639}.Release|Any CPU.Build.0 = Release|Any CPU
	EndGlobalSection
	GlobalSection(SolutionProperties) = preSolution
		HideSolutionNode = FALSE
	EndGlobalSection
	GlobalSection(NestedProjects) = preSolution
		{AF621180-F7D7-46C7-993A-C129BD0FD54A} = {64861311-29EE-4AF6-8A28-0665F9A4B960}
		{090F4466-4CE5-450E-A468-018CC7AFC639} = {64861311-29EE-4AF6-8A28-0665F9A4B960}
	EndGlobalSection
	GlobalSection(ExtensibilityGlobals) = postSolution
		SolutionGuid = {5B182245-4645-4A01-8AC2-CBF675BF33A6}
	EndGlobalSection
EndGlobal
